
Microsoft Visual Studio Solution File, Format Version 12.00
# Visual Studio Version 17
VisualStudioVersion = 17.12.35527.113 d17.12
MinimumVisualStudioVersion = 10.0.40219.1
Project("{FAE04EC0-301F-11D3-BF4B-00C04F79EFBC}") = "API", "API\API.csproj", "{D9FCA2A4-9A91-4A93-82D4-0E0B6387088F}"
EndProject
Project("{FAE04EC0-301F-11D3-BF4B-00C04F79EFBC}") = "Teste", "Teste\Teste.csproj", "{6C5CEA02-9B77-4B10-97F7-8F3F8436E98B}"
EndProject
Global
	GlobalSection(SolutionConfigurationPlatforms) = preSolution
		Debug|Any CPU = Debug|Any CPU
		Release|Any CPU = Release|Any CPU
	EndGlobalSection
	GlobalSection(ProjectConfigurationPlatforms) = postSolution
		{D9FCA2A4-9A91-4A93-82D4-0E0B6387088F}.Debug|Any CPU.ActiveCfg = Debug|Any CPU
		{D9FCA2A4-9A91-4A93-82D4-0E0B6387088F}.Debug|Any CPU.Build.0 = Debug|Any CPU
		{D9FCA2A4-9A91-4A93-82D4-0E0B6387088F}.Release|Any CPU.ActiveCfg = Release|Any CPU
		{D9FCA2A4-9A91-4A93-82D4-0E0B6387088F}.Release|Any CPU.Build.0 = Release|Any CPU
		{6C5CEA02-9B77-4B10-97F7-8F3F8436E98B}.Debug|Any CPU.ActiveCfg = Debug|Any CPU
		{6C5CEA02-9B77-4B10-97F7-8F3F8436E98B}.Debug|Any CPU.Build.0 = Debug|Any CPU
		{6C5CEA02-9B77-4B10-97F7-8F3F8436E98B}.Release|Any CPU.ActiveCfg = Release|Any CPU
		{6C5CEA02-9B77-4B10-97F7-8F3F8436E98B}.Release|Any CPU.Build.0 = Release|Any CPU
	EndGlobalSection
	GlobalSection(SolutionProperties) = preSolution
		HideSolutionNode = FALSE
	EndGlobalSection
EndGlobal
